
Microsoft Visual Studio Solution File, Format Version 12.00
# Visual Studio Version 17
VisualStudioVersion = 17.3.32929.385
MinimumVisualStudioVersion = 10.0.40219.1
Project("{FAE04EC0-301F-11D3-BF4B-00C04F79EFBC}") = "IncreaseDotNetProjectVersion", "IncreaseDotNetProjectVersion.csproj", "{634BBE7E-B2DF-4BFC-BF99-08C70F42DBD8}"
EndProject
Global
	GlobalSection(SolutionConfigurationPlatforms) = preSolution
		Debug|Any CPU = Debug|Any CPU
		Release|Any CPU = Release|Any CPU
	EndGlobalSection
	GlobalSection(ProjectConfigurationPlatforms) = postSolution
		{634BBE7E-B2DF-4BFC-BF99-08C70F42DBD8}.Debug|Any CPU.ActiveCfg = Debug|Any CPU
		{634BBE7E-B2DF-4BFC-BF99-08C70F42DBD8}.Debug|Any CPU.Build.0 = Debug|Any CPU
		{634BBE7E-B2DF-4BFC-BF99-08C70F42DBD8}.Release|Any CPU.ActiveCfg = Release|Any CPU
		{634BBE7E-B2DF-4BFC-BF99-08C70F42DBD8}.Release|Any CPU.Build.0 = Release|Any CPU
	EndGlobalSection
	GlobalSection(SolutionProperties) = preSolution
		HideSolutionNode = FALSE
	EndGlobalSection
	GlobalSection(ExtensibilityGlobals) = postSolution
		SolutionGuid = {96A3DAB0-E617-4A6A-9E31-E8CF655E2F46}
	EndGlobalSection
EndGlobal
